
Microsoft Visual Studio Solution File, Format Version 12.00
# Visual Studio Version 17
VisualStudioVersion = 17.3.32804.467
MinimumVisualStudioVersion = 10.0.40219.1
Project("{FAE04EC0-301F-11D3-BF4B-00C04F79EFBC}") = "Rehber.Entities", "Rehber.Entities\Rehber.Entities.csproj", "{BE7938D3-A189-41B4-B178-4CD5E5D3F72A}"
EndProject
Project("{FAE04EC0-301F-11D3-BF4B-00C04F79EFBC}") = "Rehber.DataAccess", "Rehber.DataAccess\Rehber.DataAccess.csproj", "{CE43DAC7-9021-4EB7-8C62-CE79DB0281E3}"
EndProject
Project("{FAE04EC0-301F-11D3-BF4B-00C04F79EFBC}") = "Rehber.Business", "Rehber.Business\Rehber.Business.csproj", "{71BDBF25-0C68-4A7B-8B0C-4DCC341F369C}"
EndProject
Project("{FAE04EC0-301F-11D3-BF4B-00C04F79EFBC}") = "Rehber.API", "Rehbet.API\Rehber.API.csproj", "{A91FA6CE-68E6-4516-9FBE-F4EEC869844C}"
EndProject
Global
	GlobalSection(SolutionConfigurationPlatforms) = preSolution
		Debug|Any CPU = Debug|Any CPU
		Release|Any CPU = Release|Any CPU
	EndGlobalSection
	GlobalSection(ProjectConfigurationPlatforms) = postSolution
		{BE7938D3-A189-41B4-B178-4CD5E5D3F72A}.Debug|Any CPU.ActiveCfg = Debug|Any CPU
		{BE7938D3-A189-41B4-B178-4CD5E5D3F72A}.Debug|Any CPU.Build.0 = Debug|Any CPU
		{BE7938D3-A189-41B4-B178-4CD5E5D3F72A}.Release|Any CPU.ActiveCfg = Release|Any CPU
		{BE7938D3-A189-41B4-B178-4CD5E5D3F72A}.Release|Any CPU.Build.0 = Release|Any CPU
		{CE43DAC7-9021-4EB7-8C62-CE79DB0281E3}.Debug|Any CPU.ActiveCfg = Debug|Any CPU
		{CE43DAC7-9021-4EB7-8C62-CE79DB0281E3}.Debug|Any CPU.Build.0 = Debug|Any CPU
		{CE43DAC7-9021-4EB7-8C62-CE79DB0281E3}.Release|Any CPU.ActiveCfg = Release|Any CPU
		{CE43DAC7-9021-4EB7-8C62-CE79DB0281E3}.Release|Any CPU.Build.0 = Release|Any CPU
		{71BDBF25-0C68-4A7B-8B0C-4DCC341F369C}.Debug|Any CPU.ActiveCfg = Debug|Any CPU
		{71BDBF25-0C68-4A7B-8B0C-4DCC341F369C}.Debug|Any CPU.Build.0 = Debug|Any CPU
		{71BDBF25-0C68-4A7B-8B0C-4DCC341F369C}.Release|Any CPU.ActiveCfg = Release|Any CPU
		{71BDBF25-0C68-4A7B-8B0C-4DCC341F369C}.Release|Any CPU.Build.0 = Release|Any CPU
		{A91FA6CE-68E6-4516-9FBE-F4EEC869844C}.Debug|Any CPU.ActiveCfg = Debug|Any CPU
		{A91FA6CE-68E6-4516-9FBE-F4EEC869844C}.Debug|Any CPU.Build.0 = Debug|Any CPU
		{A91FA6CE-68E6-4516-9FBE-F4EEC869844C}.Release|Any CPU.ActiveCfg = Release|Any CPU
		{A91FA6CE-68E6-4516-9FBE-F4EEC869844C}.Release|Any CPU.Build.0 = Release|Any CPU
	EndGlobalSection
	GlobalSection(SolutionProperties) = preSolution
		HideSolutionNode = FALSE
	EndGlobalSection
	GlobalSection(ExtensibilityGlobals) = postSolution
		SolutionGuid = {D6D3E04D-7320-4C7D-BE96-F354518D54AA}
	EndGlobalSection
EndGlobal
